PODS:
  - Capacitor (5.1.1):
    - CapacitorCordova
  - CapacitorActionSheet (5.0.5):
    - Capacitor
  - CapacitorCamera (5.0.5):
    - Capacitor
  - CapacitorCordova (5.1.1)
  - CapacitorSplashScreen (5.0.5):
    - Capacitor
  - CapacitorToast (5.0.5):
    - Capacitor

DEPENDENCIES:
  - "Capacitor (from `../../node_modules/@capacitor/ios`)"
  - "CapacitorActionSheet (from `../../node_modules/@capacitor/action-sheet`)"
  - "CapacitorCamera (from `../../node_modules/@capacitor/camera`)"
  - "CapacitorCordova (from `../../node_modules/@capacitor/ios`)"
  - "CapacitorSplashScreen (from `../../node_modules/@capacitor/splash-screen`)"
  - "CapacitorToast (from `../../node_modules/@capacitor/toast`)"

EXTERNAL SOURCES:
  Capacitor:
    :path: "../../node_modules/@capacitor/ios"
  CapacitorActionSheet:
    :path: "../../node_modules/@capacitor/action-sheet"
  CapacitorCamera:
    :path: "../../node_modules/@capacitor/camera"
  CapacitorCordova:
    :path: "../../node_modules/@capacitor/ios"
  CapacitorSplashScreen:
    :path: "../../node_modules/@capacitor/splash-screen"
  CapacitorToast:
    :path: "../../node_modules/@capacitor/toast"

SPEC CHECKSUMS:
  Capacitor: 55956e1199b63efcd7f2dedffa5c6b9129c45aae
  CapacitorActionSheet: 27df45a8c9563238fd124444921aaa196af0f68b
  CapacitorCamera: 834aade2952a06bd1e46c078d1068a980f37f8c9
  CapacitorCordova: b31a46ad379c93a5c04e0598a6164e8cb90c2bb2
  CapacitorSplashScreen: e563abf6d590bfe0269515ccc9d8bc03c41f32e9
  CapacitorToast: 77841e9091bea87db10e55b48747d958d76b1fe0

PODFILE CHECKSUM: a36c1f3425736954eb988ad10ece3c9d4d14f3b5

COCOAPODS: 1.12.1
